
Microsoft Visual Studio Solution File, Format Version 12.00
# Visual Studio 2012
Project("{FAE04EC0-301F-11D3-BF4B-00C04F79EFBC}") = "ElearningPlatformCore", "ElearningPlatformCore.csproj", "{C3C37666-3EB7-4363-8FB1-44CDEE3BABEB}"
EndProject
Project("{E24C65DC-7377-472B-9ABA-BC803B73C61A}") = "UBS", "http://localhost:53994", "{C2E097A0-76F3-41DE-818D-B157C2A3B928}"
	ProjectSection(WebsiteProperties) = preProject
		UseIISExpress = "true"
		TargetFrameworkMoniker = ".NETFramework,Version%3Dv4.0"
		ProjectReferences = "{c3c37666-3eb7-4363-8fb1-44cdee3babeb}|CORE.dll;"
		Debug.AspNetCompiler.VirtualPath = "/localhost_53994"
		Debug.AspNetCompiler.PhysicalPath = "..\UBS\"
		Debug.AspNetCompiler.TargetPath = "PrecompiledWeb\localhost_53994\"
		Debug.AspNetCompiler.Updateable = "true"
		Debug.AspNetCompiler.ForceOverwrite = "true"
		Debug.AspNetCompiler.FixedNames = "false"
		Debug.AspNetCompiler.Debug = "True"
		Release.AspNetCompiler.VirtualPath = "/localhost_53994"
		Release.AspNetCompiler.PhysicalPath = "..\UBS\"
		Release.AspNetCompiler.TargetPath = "PrecompiledWeb\localhost_53994\"
		Release.AspNetCompiler.Updateable = "true"
		Release.AspNetCompiler.ForceOverwrite = "true"
		Release.AspNetCompiler.FixedNames = "false"
		Release.AspNetCompiler.Debug = "False"
		SlnRelativePath = "..\UBS\"
	EndProjectSection
EndProject
Global
	GlobalSection(SolutionConfigurationPlatforms) = preSolution
		Debug|Any CPU = Debug|Any CPU
		Release|Any CPU = Release|Any CPU
	EndGlobalSection
	GlobalSection(ProjectConfigurationPlatforms) = postSolution
		{C3C37666-3EB7-4363-8FB1-44CDEE3BABEB}.Debug|Any CPU.ActiveCfg = Debug|Any CPU
		{C3C37666-3EB7-4363-8FB1-44CDEE3BABEB}.Debug|Any CPU.Build.0 = Debug|Any CPU
		{C3C37666-3EB7-4363-8FB1-44CDEE3BABEB}.Release|Any CPU.ActiveCfg = Release|Any CPU
		{C3C37666-3EB7-4363-8FB1-44CDEE3BABEB}.Release|Any CPU.Build.0 = Release|Any CPU
		{C2E097A0-76F3-41DE-818D-B157C2A3B928}.Debug|Any CPU.ActiveCfg = Debug|Any CPU
		{C2E097A0-76F3-41DE-818D-B157C2A3B928}.Debug|Any CPU.Build.0 = Debug|Any CPU
		{C2E097A0-76F3-41DE-818D-B157C2A3B928}.Release|Any CPU.ActiveCfg = Debug|Any CPU
		{C2E097A0-76F3-41DE-818D-B157C2A3B928}.Release|Any CPU.Build.0 = Debug|Any CPU
	EndGlobalSection
	GlobalSection(SolutionProperties) = preSolution
		HideSolutionNode = FALSE
	EndGlobalSection
EndGlobal
